
Microsoft Visual Studio Solution File, Format Version 12.00
# Visual Studio Version 17
VisualStudioVersion = 17.7.33808.371
MinimumVisualStudioVersion = 10.0.40219.1
Project("{9A19103F-16F7-4668-BE54-9A1E7A4F7556}") = "ProbabilityKata", "ProbabilityKata\ProbabilityKata.csproj", "{71CCB35C-A183-4CEE-9EB0-643CE6885291}"
EndProject
Project("{9A19103F-16F7-4668-BE54-9A1E7A4F7556}") = "GCDemo", "GCDemo\GCDemo.csproj", "{43EDBB59-172C-45CC-B2EA-76B390F0D7A7}"
EndProject
Project("{9A19103F-16F7-4668-BE54-9A1E7A4F7556}") = "LoopsAndDataStructures", "LoopsAndDataStructures\LoopsAndDataStructures.csproj", "{33E10005-45D1-409D-B940-F4943C922E2F}"
EndProject
Project("{9A19103F-16F7-4668-BE54-9A1E7A4F7556}") = "ArraysAndSorting", "ArraysAndSorting\ArraysAndSorting.csproj", "{A5E17191-0130-4491-8D09-726BB023F69C}"
EndProject
Project("{9A19103F-16F7-4668-BE54-9A1E7A4F7556}") = "TestDrivenTestingFramework", "TestDrivenTestingFramework\TestDrivenTestingFramework.csproj", "{575A07B1-E6A2-4FE1-B27E-B91471B2CD00}"
EndProject
Project("{FAE04EC0-301F-11D3-BF4B-00C04F79EFBC}") = "ReallyUsingTestFrameworks", "ReallyUsingTestFrameworks\ReallyUsingTestFrameworks.csproj", "{869F4517-4DB3-4944-8183-E31FB3B25539}"
EndProject
Global
	GlobalSection(SolutionConfigurationPlatforms) = preSolution
		Debug|Any CPU = Debug|Any CPU
		Release|Any CPU = Release|Any CPU
	EndGlobalSection
	GlobalSection(ProjectConfigurationPlatforms) = postSolution
		{71CCB35C-A183-4CEE-9EB0-643CE6885291}.Debug|Any CPU.ActiveCfg = Debug|Any CPU
		{71CCB35C-A183-4CEE-9EB0-643CE6885291}.Debug|Any CPU.Build.0 = Debug|Any CPU
		{71CCB35C-A183-4CEE-9EB0-643CE6885291}.Release|Any CPU.ActiveCfg = Release|Any CPU
		{71CCB35C-A183-4CEE-9EB0-643CE6885291}.Release|Any CPU.Build.0 = Release|Any CPU
		{43EDBB59-172C-45CC-B2EA-76B390F0D7A7}.Debug|Any CPU.ActiveCfg = Debug|Any CPU
		{43EDBB59-172C-45CC-B2EA-76B390F0D7A7}.Debug|Any CPU.Build.0 = Debug|Any CPU
		{43EDBB59-172C-45CC-B2EA-76B390F0D7A7}.Release|Any CPU.ActiveCfg = Release|Any CPU
		{43EDBB59-172C-45CC-B2EA-76B390F0D7A7}.Release|Any CPU.Build.0 = Release|Any CPU
		{33E10005-45D1-409D-B940-F4943C922E2F}.Debug|Any CPU.ActiveCfg = Debug|Any CPU
		{33E10005-45D1-409D-B940-F4943C922E2F}.Debug|Any CPU.Build.0 = Debug|Any CPU
		{33E10005-45D1-409D-B940-F4943C922E2F}.Release|Any CPU.ActiveCfg = Release|Any CPU
		{33E10005-45D1-409D-B940-F4943C922E2F}.Release|Any CPU.Build.0 = Release|Any CPU
		{A5E17191-0130-4491-8D09-726BB023F69C}.Debug|Any CPU.ActiveCfg = Debug|Any CPU
		{A5E17191-0130-4491-8D09-726BB023F69C}.Debug|Any CPU.Build.0 = Debug|Any CPU
		{A5E17191-0130-4491-8D09-726BB023F69C}.Release|Any CPU.ActiveCfg = Release|Any CPU
		{A5E17191-0130-4491-8D09-726BB023F69C}.Release|Any CPU.Build.0 = Release|Any CPU
		{575A07B1-E6A2-4FE1-B27E-B91471B2CD00}.Debug|Any CPU.ActiveCfg = Debug|Any CPU
		{575A07B1-E6A2-4FE1-B27E-B91471B2CD00}.Debug|Any CPU.Build.0 = Debug|Any CPU
		{575A07B1-E6A2-4FE1-B27E-B91471B2CD00}.Release|Any CPU.ActiveCfg = Release|Any CPU
		{575A07B1-E6A2-4FE1-B27E-B91471B2CD00}.Release|Any CPU.Build.0 = Release|Any CPU
		{869F4517-4DB3-4944-8183-E31FB3B25539}.Debug|Any CPU.ActiveCfg = Debug|Any CPU
		{869F4517-4DB3-4944-8183-E31FB3B25539}.Debug|Any CPU.Build.0 = Debug|Any CPU
		{869F4517-4DB3-4944-8183-E31FB3B25539}.Release|Any CPU.ActiveCfg = Release|Any CPU
		{869F4517-4DB3-4944-8183-E31FB3B25539}.Release|Any CPU.Build.0 = Release|Any CPU
	EndGlobalSection
	GlobalSection(SolutionProperties) = preSolution
		HideSolutionNode = FALSE
	EndGlobalSection
	GlobalSection(ExtensibilityGlobals) = postSolution
		SolutionGuid = {EE2959B5-FE3A-407C-B82A-A495706FAE64}
	EndGlobalSection
EndGlobal
