
Microsoft Visual Studio Solution File, Format Version 12.00
# Visual Studio Version 17
VisualStudioVersion = 17.7.33808.371
MinimumVisualStudioVersion = 10.0.40219.1
Project("{9A19103F-16F7-4668-BE54-9A1E7A4F7556}") = "ProbabilityKata", "ProbabilityKata\ProbabilityKata.csproj", "{71CCB35C-A183-4CEE-9EB0-643CE6885291}"
EndProject
Project("{9A19103F-16F7-4668-BE54-9A1E7A4F7556}") = "GCDemo", "GCDemo\GCDemo.csproj", "{43EDBB59-172C-45CC-B2EA-76B390F0D7A7}"
EndProject
Project("{9A19103F-16F7-4668-BE54-9A1E7A4F7556}") = "LoopsAndDataStructures", "LoopsAndDataStructures\LoopsAndDataStructures.csproj", "{33E10005-45D1-409D-B940-F4943C922E2F}"
EndProject
Project("{9A19103F-16F7-4668-BE54-9A1E7A4F7556}") = "ArraysAndSorting", "ArraysAndSorting\ArraysAndSorting.csproj", "{A5E17191-0130-4491-8D09-726BB023F69C}"
EndProject
Project("{9A19103F-16F7-4668-BE54-9A1E7A4F7556}") = "TestDrivenTestingFramework", "TestDrivenTestingFramework\TestDrivenTestingFramework.csproj", "{575A07B1-E6A2-4FE1-B27E-B91471B2CD00}"
EndProject
Project("{9A19103F-16F7-4668-BE54-9A1E7A4F7556}") = "ReallyUsingTestFrameworks", "ReallyUsingTestFrameworks\ReallyUsingTestFrameworks.csproj", "{869F4517-4DB3-4944-8183-E31FB3B25539}"
EndProject
Project("{9A19103F-16F7-4668-BE54-9A1E7A4F7556}") = "Parsing.Tests", "Parsing.Tests\Parsing.Tests.csproj", "{A1D3B334-4EC9-4BC7-9E97-91138095840D}"
EndProject
Project("{9A19103F-16F7-4668-BE54-9A1E7A4F7556}") = "Pattern.Tests", "Pattern.Tests\Pattern.Tests.csproj", "{85DE64D5-C612-48EB-9872-A84F94700056}"
EndProject
Project("{9A19103F-16F7-4668-BE54-9A1E7A4F7556}") = "Messaging.Basics", "Messaging.Basics\Messaging.Basics.csproj", "{CA224467-7CF9-4BF7-9FE5-75F3A05C5A90}"
EndProject
Project("{9A19103F-16F7-4668-BE54-9A1E7A4F7556}") = "Messaging.Basics.Tests", "Messaging.Basics.Tests\Messaging.Basics.Tests.csproj", "{B4FA8B16-625E-46CA-AB42-2AE0FC49B02C}"
EndProject
Project("{9A19103F-16F7-4668-BE54-9A1E7A4F7556}") = "TheBillionDollarMistake", "TheBillionDollarMistake\TheBillionDollarMistake.csproj", "{D9CAAB8E-2138-4ABD-8095-153E82FF9D15}"
EndProject
Project("{9A19103F-16F7-4668-BE54-9A1E7A4F7556}") = "RingBuffersAreUs", "RingBuffersAreUs\RingBuffersAreUs.csproj", "{F0F0A8A9-796B-4073-BD86-1E445F797AFA}"
EndProject
Project("{9A19103F-16F7-4668-BE54-9A1E7A4F7556}") = "Subscription.Tests", "Subscription.Tests\Subscription.Tests.csproj", "{1E932DF3-8850-465A-882F-0E1763CAFE80}"
EndProject
Project("{FAE04EC0-301F-11D3-BF4B-00C04F79EFBC}") = "AsyncWhoNow", "AsyncWhoNow\AsyncWhoNow.csproj", "{3E217F88-FA17-471B-BAD3-A068781A629B}"
EndProject
Global
	GlobalSection(SolutionConfigurationPlatforms) = preSolution
		Debug|Any CPU = Debug|Any CPU
		Release|Any CPU = Release|Any CPU
	EndGlobalSection
	GlobalSection(ProjectConfigurationPlatforms) = postSolution
		{71CCB35C-A183-4CEE-9EB0-643CE6885291}.Debug|Any CPU.ActiveCfg = Debug|Any CPU
		{71CCB35C-A183-4CEE-9EB0-643CE6885291}.Debug|Any CPU.Build.0 = Debug|Any CPU
		{71CCB35C-A183-4CEE-9EB0-643CE6885291}.Release|Any CPU.ActiveCfg = Release|Any CPU
		{71CCB35C-A183-4CEE-9EB0-643CE6885291}.Release|Any CPU.Build.0 = Release|Any CPU
		{43EDBB59-172C-45CC-B2EA-76B390F0D7A7}.Debug|Any CPU.ActiveCfg = Debug|Any CPU
		{43EDBB59-172C-45CC-B2EA-76B390F0D7A7}.Debug|Any CPU.Build.0 = Debug|Any CPU
		{43EDBB59-172C-45CC-B2EA-76B390F0D7A7}.Release|Any CPU.ActiveCfg = Release|Any CPU
		{43EDBB59-172C-45CC-B2EA-76B390F0D7A7}.Release|Any CPU.Build.0 = Release|Any CPU
		{33E10005-45D1-409D-B940-F4943C922E2F}.Debug|Any CPU.ActiveCfg = Debug|Any CPU
		{33E10005-45D1-409D-B940-F4943C922E2F}.Debug|Any CPU.Build.0 = Debug|Any CPU
		{33E10005-45D1-409D-B940-F4943C922E2F}.Release|Any CPU.ActiveCfg = Release|Any CPU
		{33E10005-45D1-409D-B940-F4943C922E2F}.Release|Any CPU.Build.0 = Release|Any CPU
		{A5E17191-0130-4491-8D09-726BB023F69C}.Debug|Any CPU.ActiveCfg = Debug|Any CPU
		{A5E17191-0130-4491-8D09-726BB023F69C}.Debug|Any CPU.Build.0 = Debug|Any CPU
		{A5E17191-0130-4491-8D09-726BB023F69C}.Release|Any CPU.ActiveCfg = Release|Any CPU
		{A5E17191-0130-4491-8D09-726BB023F69C}.Release|Any CPU.Build.0 = Release|Any CPU
		{575A07B1-E6A2-4FE1-B27E-B91471B2CD00}.Debug|Any CPU.ActiveCfg = Debug|Any CPU
		{575A07B1-E6A2-4FE1-B27E-B91471B2CD00}.Debug|Any CPU.Build.0 = Debug|Any CPU
		{575A07B1-E6A2-4FE1-B27E-B91471B2CD00}.Release|Any CPU.ActiveCfg = Release|Any CPU
		{575A07B1-E6A2-4FE1-B27E-B91471B2CD00}.Release|Any CPU.Build.0 = Release|Any CPU
		{869F4517-4DB3-4944-8183-E31FB3B25539}.Debug|Any CPU.ActiveCfg = Debug|Any CPU
		{869F4517-4DB3-4944-8183-E31FB3B25539}.Debug|Any CPU.Build.0 = Debug|Any CPU
		{869F4517-4DB3-4944-8183-E31FB3B25539}.Release|Any CPU.ActiveCfg = Release|Any CPU
		{869F4517-4DB3-4944-8183-E31FB3B25539}.Release|Any CPU.Build.0 = Release|Any CPU
		{A1D3B334-4EC9-4BC7-9E97-91138095840D}.Debug|Any CPU.ActiveCfg = Debug|Any CPU
		{A1D3B334-4EC9-4BC7-9E97-91138095840D}.Debug|Any CPU.Build.0 = Debug|Any CPU
		{A1D3B334-4EC9-4BC7-9E97-91138095840D}.Release|Any CPU.ActiveCfg = Release|Any CPU
		{A1D3B334-4EC9-4BC7-9E97-91138095840D}.Release|Any CPU.Build.0 = Release|Any CPU
		{85DE64D5-C612-48EB-9872-A84F94700056}.Debug|Any CPU.ActiveCfg = Debug|Any CPU
		{85DE64D5-C612-48EB-9872-A84F94700056}.Debug|Any CPU.Build.0 = Debug|Any CPU
		{85DE64D5-C612-48EB-9872-A84F94700056}.Release|Any CPU.ActiveCfg = Release|Any CPU
		{85DE64D5-C612-48EB-9872-A84F94700056}.Release|Any CPU.Build.0 = Release|Any CPU
		{CA224467-7CF9-4BF7-9FE5-75F3A05C5A90}.Debug|Any CPU.ActiveCfg = Debug|Any CPU
		{CA224467-7CF9-4BF7-9FE5-75F3A05C5A90}.Debug|Any CPU.Build.0 = Debug|Any CPU
		{CA224467-7CF9-4BF7-9FE5-75F3A05C5A90}.Release|Any CPU.ActiveCfg = Release|Any CPU
		{CA224467-7CF9-4BF7-9FE5-75F3A05C5A90}.Release|Any CPU.Build.0 = Release|Any CPU
		{B4FA8B16-625E-46CA-AB42-2AE0FC49B02C}.Debug|Any CPU.ActiveCfg = Debug|Any CPU
		{B4FA8B16-625E-46CA-AB42-2AE0FC49B02C}.Debug|Any CPU.Build.0 = Debug|Any CPU
		{B4FA8B16-625E-46CA-AB42-2AE0FC49B02C}.Release|Any CPU.ActiveCfg = Release|Any CPU
		{B4FA8B16-625E-46CA-AB42-2AE0FC49B02C}.Release|Any CPU.Build.0 = Release|Any CPU
		{D9CAAB8E-2138-4ABD-8095-153E82FF9D15}.Debug|Any CPU.ActiveCfg = Debug|Any CPU
		{D9CAAB8E-2138-4ABD-8095-153E82FF9D15}.Debug|Any CPU.Build.0 = Debug|Any CPU
		{D9CAAB8E-2138-4ABD-8095-153E82FF9D15}.Release|Any CPU.ActiveCfg = Release|Any CPU
		{D9CAAB8E-2138-4ABD-8095-153E82FF9D15}.Release|Any CPU.Build.0 = Release|Any CPU
		{F0F0A8A9-796B-4073-BD86-1E445F797AFA}.Debug|Any CPU.ActiveCfg = Debug|Any CPU
		{F0F0A8A9-796B-4073-BD86-1E445F797AFA}.Debug|Any CPU.Build.0 = Debug|Any CPU
		{F0F0A8A9-796B-4073-BD86-1E445F797AFA}.Release|Any CPU.ActiveCfg = Release|Any CPU
		{F0F0A8A9-796B-4073-BD86-1E445F797AFA}.Release|Any CPU.Build.0 = Release|Any CPU
		{1E932DF3-8850-465A-882F-0E1763CAFE80}.Debug|Any CPU.ActiveCfg = Debug|Any CPU
		{1E932DF3-8850-465A-882F-0E1763CAFE80}.Debug|Any CPU.Build.0 = Debug|Any CPU
		{1E932DF3-8850-465A-882F-0E1763CAFE80}.Release|Any CPU.ActiveCfg = Release|Any CPU
		{1E932DF3-8850-465A-882F-0E1763CAFE80}.Release|Any CPU.Build.0 = Release|Any CPU
		{3E217F88-FA17-471B-BAD3-A068781A629B}.Debug|Any CPU.ActiveCfg = Debug|Any CPU
		{3E217F88-FA17-471B-BAD3-A068781A629B}.Debug|Any CPU.Build.0 = Debug|Any CPU
		{3E217F88-FA17-471B-BAD3-A068781A629B}.Release|Any CPU.ActiveCfg = Release|Any CPU
		{3E217F88-FA17-471B-BAD3-A068781A629B}.Release|Any CPU.Build.0 = Release|Any CPU
	EndGlobalSection
	GlobalSection(SolutionProperties) = preSolution
		HideSolutionNode = FALSE
	EndGlobalSection
	GlobalSection(ExtensibilityGlobals) = postSolution
		SolutionGuid = {EE2959B5-FE3A-407C-B82A-A495706FAE64}
	EndGlobalSection
EndGlobal
